
Microsoft Visual Studio Solution File, Format Version 10.00
# Visual Studio 2008
Project("{8BC9CEB8-8B4A-11D0-8D11-00A0C91BC942}") = "MFCDemo", "MFCDemo\MFCDemo.vcproj", "{CAEA0A27-46EB-4726-AC5B-951C653FF61F}"
	ProjectSection(ProjectDependencies) = postProject
		{DBE77202-43BF-4D14-A5AB-F6A69B0CECCD} = {DBE77202-43BF-4D14-A5AB-F6A69B0CECCD}
		{3A115335-A49B-4F65-B55A-60DAA1FD799B} = {3A115335-A49B-4F65-B55A-60DAA1FD799B}
	EndProjectSection
EndProject
Project("{8BC9CEB8-8B4A-11D0-8D11-00A0C91BC942}") = "GameOperator", "GameOperator\GameOperator.vcproj", "{DBE77202-43BF-4D14-A5AB-F6A69B0CECCD}"
EndProject
Project("{8BC9CEB8-8B4A-11D0-8D11-00A0C91BC942}") = "utils", "utils\utils.vcproj", "{2F9AF151-9D90-44E7-AC1B-EF7ADA4FB45F}"
EndProject
Project("{8BC9CEB8-8B4A-11D0-8D11-00A0C91BC942}") = "ProcessMsgQueue", "ProcessMsgQueue\ProcessMsgQueue.vcproj", "{3A115335-A49B-4F65-B55A-60DAA1FD799B}"
EndProject
Global
	GlobalSection(SolutionConfigurationPlatforms) = preSolution
		Debug|Win32 = Debug|Win32
		Release|Win32 = Release|Win32
	EndGlobalSection
	GlobalSection(ProjectConfigurationPlatforms) = postSolution
		{CAEA0A27-46EB-4726-AC5B-951C653FF61F}.Debug|Win32.ActiveCfg = Debug|Win32
		{CAEA0A27-46EB-4726-AC5B-951C653FF61F}.Debug|Win32.Build.0 = Debug|Win32
		{CAEA0A27-46EB-4726-AC5B-951C653FF61F}.Release|Win32.ActiveCfg = Release|Win32
		{CAEA0A27-46EB-4726-AC5B-951C653FF61F}.Release|Win32.Build.0 = Release|Win32
		{DBE77202-43BF-4D14-A5AB-F6A69B0CECCD}.Debug|Win32.ActiveCfg = Debug|Win32
		{DBE77202-43BF-4D14-A5AB-F6A69B0CECCD}.Debug|Win32.Build.0 = Debug|Win32
		{DBE77202-43BF-4D14-A5AB-F6A69B0CECCD}.Release|Win32.ActiveCfg = Release|Win32
		{DBE77202-43BF-4D14-A5AB-F6A69B0CECCD}.Release|Win32.Build.0 = Release|Win32
		{2F9AF151-9D90-44E7-AC1B-EF7ADA4FB45F}.Debug|Win32.ActiveCfg = Debug|Win32
		{2F9AF151-9D90-44E7-AC1B-EF7ADA4FB45F}.Debug|Win32.Build.0 = Debug|Win32
		{2F9AF151-9D90-44E7-AC1B-EF7ADA4FB45F}.Release|Win32.ActiveCfg = Release|Win32
		{2F9AF151-9D90-44E7-AC1B-EF7ADA4FB45F}.Release|Win32.Build.0 = Release|Win32
		{3A115335-A49B-4F65-B55A-60DAA1FD799B}.Debug|Win32.ActiveCfg = Debug|Win32
		{3A115335-A49B-4F65-B55A-60DAA1FD799B}.Debug|Win32.Build.0 = Debug|Win32
		{3A115335-A49B-4F65-B55A-60DAA1FD799B}.Release|Win32.ActiveCfg = Release|Win32
		{3A115335-A49B-4F65-B55A-60DAA1FD799B}.Release|Win32.Build.0 = Release|Win32
	EndGlobalSection
	GlobalSection(SolutionProperties) = preSolution
		HideSolutionNode = FALSE
	EndGlobalSection
EndGlobal
